<?xml version="1.0" encoding="utf-8"?>
<Project ToolsVersion="4.0" xmlns="http://schemas.microsoft.com/developer/msbuild/2003">
  <ItemGroup>
    <Filter Include="Source Files">
      <UniqueIdentifier>{4FC737F1-C7A5-4376-A066-2A32D752A2FF}</UniqueIdentifier>
      <Extensions>cpp;c;cc;cxx;def;odl;idl;hpj;bat;asm;asmx</Extensions>
    </Filter>
    <Filter Include="Header Files">
      <UniqueIdentifier>{93995380-89BD-4b04-88EB-625FBE52EBFB}</UniqueIdentifier>
      <Extensions>h;hh;hpp;hxx;hm;inl;inc;xsd</Extensions>
    </Filter>
    <Filter Include="Resource Files">
      <UniqueIdentifier>{67DA6AB6-F800-4c08-8B7A-83BB121AAD01}</UniqueIdentifier>
      <Extensions>rc;ico;cur;bmp;dlg;rc2;rct;bin;rgs;gif;jpg;jpeg;jpe;resx;tiff;tif;png;wav;mfcribbon-ms</Extensions>
    </Filter>
    <Filter Include="Source Files\Execution">
      <UniqueIdentifier>{a1c1e727-033c-4e70-b564-bbc47f1de55d}</UniqueIdentifier>
    </Filter>
    <Filter Include="Header Files\Execution">
      <UniqueIdentifier>{3b4fdd24-3cfe-466d-8e9a-aa61bfc54981}</UniqueIdentifier>
    </Filter>
    <Filter Include="Header Files\Old">
      <UniqueIdentifier>{27633bed-21e6-4f9e-ad41-ade22301a06f}</UniqueIdentifier>
    </Filter>
    <Filter Include="Source Files\Old">
      <UniqueIdentifier>{deeb9e7f-c9f2-4f32-a523-9839ff471ab6}</UniqueIdentifier>
    </Filter>
    <Filter Include="Source Files\dllImport">
      <UniqueIdentifier>{e850bc4c-3fa0-4696-ad05-2cc0d056eb87}</UniqueIdentifier>
    </Filter>
    <Filter Include="Header Files\dllImport">
      <UniqueIdentifier>{b7f4f742-249f-44f8-8e9a-6509613ceb5b}</UniqueIdentifier>
    </Filter>
    <Filter Include="Header Files\Game">
      <UniqueIdentifier>{86c610bd-75bd-458b-8680-46bce02bda35}</UniqueIdentifier>
    </Filter>
    <Filter Include="Header Files\Render">
      <UniqueIdentifier>{9b2f76f5-1d41-409c-8e63-a431e4b7c603}</UniqueIdentifier>
    </Filter>
    <Filter Include="Source Files\Game">
      <UniqueIdentifier>{14d128e4-af4c-41c9-b522-7d0f22cbb9a7}</UniqueIdentifier>
    </Filter>
    <Filter Include="Source Files\Render">
      <UniqueIdentifier>{d98894ea-1f6d-4814-9b68-66f373e93f24}</UniqueIdentifier>
    </Filter>
  </ItemGroup>
  <ItemGroup>
    <ClCompile Include="dllmain.cpp">
      <Filter>Source Files\dllImport</Filter>
    </ClCompile>
    <ClCompile Include="Box.cpp">
      <Filter>Source Files\Game</Filter>
    </ClCompile>
    <ClCompile Include="GameWindow.cpp">
      <Filter>Source Files\Render</Filter>
    </ClCompile>
    <ClCompile Include="GameView.cpp">
      <Filter>Source Files\Render</Filter>
    </ClCompile>
    <ClCompile Include="Layer.cpp">
      <Filter>Source Files\Game</Filter>
    </ClCompile>
    <ClCompile Include="GameWorld.cpp">
      <Filter>Source Files\Game</Filter>
    </ClCompile>
    <ClCompile Include="EventHandler.cpp">
      <Filter>Source Files\Execution</Filter>
    </ClCompile>
    <ClCompile Include="GameplayManager.cpp">
      <Filter>Source Files\Execution</Filter>
    </ClCompile>
    <ClCompile Include="TimedEvent.cpp">
      <Filter>Source Files\Execution</Filter>
    </ClCompile>
    <ClCompile Include="SpriteFactory.cpp">
      <Filter>Source Files\Render</Filter>
    </ClCompile>
    <ClCompile Include="SimpleLogger.cpp">
      <Filter>Source Files\Execution</Filter>
    </ClCompile>
    <ClCompile Include="LoggedObject.cpp">
      <Filter>Source Files\Execution</Filter>
    </ClCompile>
    <ClCompile Include="Container.cpp">
      <Filter>Source Files\Game</Filter>
    </ClCompile>
  </ItemGroup>
  <ItemGroup>
    <ClInclude Include="stdafx.h">
      <Filter>Header Files\dllImport</Filter>
    </ClInclude>
    <ClInclude Include="targetver.h">
      <Filter>Header Files\dllImport</Filter>
    </ClInclude>
    <ClInclude Include="GameWorld.h">
      <Filter>Header Files\Game</Filter>
    </ClInclude>
    <ClInclude Include="Layer.h">
      <Filter>Header Files\Game</Filter>
    </ClInclude>
    <ClInclude Include="GameView.h">
      <Filter>Header Files\Render</Filter>
    </ClInclude>
    <ClInclude Include="GameWindow.h">
      <Filter>Header Files\Render</Filter>
    </ClInclude>
    <ClInclude Include="Container.h">
      <Filter>Header Files\Game</Filter>
    </ClInclude>
    <ClInclude Include="EventHandler.h">
      <Filter>Header Files\Execution</Filter>
    </ClInclude>
    <ClInclude Include="Box.h">
      <Filter>Header Files\Game</Filter>
    </ClInclude>
    <ClInclude Include="GameplayManager.h">
      <Filter>Header Files\Execution</Filter>
    </ClInclude>
    <ClInclude Include="TimedEvent.h">
      <Filter>Header Files\Execution</Filter>
    </ClInclude>
    <ClInclude Include="SpriteFactory.h">
      <Filter>Header Files\Render</Filter>
    </ClInclude>
    <ClInclude Include="SimpleLogger.h">
      <Filter>Header Files\Execution</Filter>
    </ClInclude>
    <ClInclude Include="LoggedObject.h">
      <Filter>Header Files\Execution</Filter>
    </ClInclude>
  </ItemGroup>
</Project>